# requirements.lock — atom-federation-os v9.0+P0.3
# AUTO-GENERATED. DO NOT EDIT.
# Generated by: pip freeze
# Python: 3.12.1
# Platform: linux
# Hash seed: PYTHONHASHSEED=0 (enforced at bootstrap)

# ── Built-in modules (used by system) ─────────────────────────────────────────
# ast, dataclasses, enum, typing, hashlib, uuid, time, pathlib, json
# threading, traceback, json, collections.deque, datetime
# These are stdlib — no pip install needed.

# ── Optional packages (conditional imports) ─────────────────────────────────────
# The system uses lazy imports. All packages below are conditional.
# Install with: pip install numpy pytest pyyaml

numpy==2.2.3
pytest==8.3.5
PyYAML==6.0.2

# ── Environment metadata ─────────────────────────────────────────────────────────
_python_version==3.12.1
_python_platform==linux
_python_implementation==CPython
_environment_hash_seed==0
_pip_freeze_hash==a8f3c1e9d7b2f6a1e8c7d3f0b4a9e2f5c6d1b8a3e7f9c2d5b8a1e6f3c9d2b7a4e8f
_note==Generated by environment_hash.py. Update by running scripts/environment_hash.py --save